// !$*UTF8*$!
{
	archiveVersion = 1;
	classes = {
	};
	objectVersion = 77;
	objects = {

/* Begin PBXBuildFile section */
		25779AE3D98F7185F8681405 /* Foundation.framework in Frameworks */ = {isa = PBXBuildFile; fileRef = D3CB44B28EDCA175EA3BF62D /* Foundation.framework */; };
		7668A2613DE44AE156E6324E /* ProgressionEngineTests.swift in Sources */ = {isa = PBXBuildFile; fileRef = 5F3646A7DD0EFD6A1672AC5A /* ProgressionEngineTests.swift */; };
		84910BBCF870612C730E6A01 /* ActivityStoreTests.swift in Sources */ = {isa = PBXBuildFile; fileRef = B7ACFEEB6B5618952E2448DD /* ActivityStoreTests.swift */; };
		850DC7A12F68C5415CF99E25 /* SkillRankRequirementsTests.swift in Sources */ = {isa = PBXBuildFile; fileRef = F7B8DC5DC1315F13BF6D2BEE /* SkillRankRequirementsTests.swift */; };
		A4F13C93DC0F1CABC2A1565D /* SeedDataTests.swift in Sources */ = {isa = PBXBuildFile; fileRef = C16AE90B303A25775B8AECF1 /* SeedDataTests.swift */; };
		C2BC4A90CEFAE358961915C6 /* RankRequirementsTests.swift in Sources */ = {isa = PBXBuildFile; fileRef = FB94A5E7779A3EEAE8EBE329 /* RankRequirementsTests.swift */; };
		DC7A6BA31C22C90D51CF4ACD /* AttributeProgressionTests.swift in Sources */ = {isa = PBXBuildFile; fileRef = 28FD30EECD384606CAA3B2F7 /* AttributeProgressionTests.swift */; };
		F9BCFF3719BF226C0E09CC75 /* CharacterStatsTests.swift in Sources */ = {isa = PBXBuildFile; fileRef = 6D2ACD34841CE35E923404B1 /* CharacterStatsTests.swift */; };
/* End PBXBuildFile section */

/* Begin PBXContainerItemProxy section */
		AE334620738A1333AC49E52D /* PBXContainerItemProxy */ = {
			isa = PBXContainerItemProxy;
			containerPortal = 630C00AD304BB7FB001A8B8C /* Project object */;
			proxyType = 1;
			remoteGlobalIDString = 630C00B4304BB7FB001A8B8C;
			remoteInfo = LifeRank;
		};
/* End PBXContainerItemProxy section */

/* Begin PBXFileReference section */
		189D93018E000846FA8A5C02 /* LifeRankTests.xctest */ = {isa = PBXFileReference; explicitFileType = wrapper.cfbundle; includeInIndex = 0; path = LifeRankTests.xctest; sourceTree = BUILT_PRODUCTS_DIR; };
		28FD30EECD384606CAA3B2F7 /* AttributeProgressionTests.swift */ = {isa = PBXFileReference; includeInIndex = 1; lastKnownFileType = sourcecode.swift; path = AttributeProgressionTests.swift; sourceTree = "<group>"; };
		5F3646A7DD0EFD6A1672AC5A /* ProgressionEngineTests.swift */ = {isa = PBXFileReference; includeInIndex = 1; lastKnownFileType = sourcecode.swift; path = ProgressionEngineTests.swift; sourceTree = "<group>"; };
		630C00B5304BB7FB001A8B8C /* LifeRank.app */ = {isa = PBXFileReference; explicitFileType = wrapper.application; includeInIndex = 0; path = LifeRank.app; sourceTree = BUILT_PRODUCTS_DIR; };
		6D2ACD34841CE35E923404B1 /* CharacterStatsTests.swift */ = {isa = PBXFileReference; includeInIndex = 1; lastKnownFileType = sourcecode.swift; path = CharacterStatsTests.swift; sourceTree = "<group>"; };
		B7ACFEEB6B5618952E2448DD /* ActivityStoreTests.swift */ = {isa = PBXFileReference; includeInIndex = 1; lastKnownFileType = sourcecode.swift; path = ActivityStoreTests.swift; sourceTree = "<group>"; };
		C16AE90B303A25775B8AECF1 /* SeedDataTests.swift */ = {isa = PBXFileReference; includeInIndex = 1; lastKnownFileType = sourcecode.swift; path = SeedDataTests.swift; sourceTree = "<group>"; };
		D3CB44B28EDCA175EA3BF62D /* Foundation.framework */ = {isa = PBXFileReference; lastKnownFileType = wrapper.framework; name = Foundation.framework; path = Platforms/iPhoneOS.platform/Developer/SDKs/iPhoneOS26.0.sdk/System/Library/Frameworks/Foundation.framework; sourceTree = DEVELOPER_DIR; };
		F7B8DC5DC1315F13BF6D2BEE /* SkillRankRequirementsTests.swift */ = {isa = PBXFileReference; includeInIndex = 1; lastKnownFileType = sourcecode.swift; path = SkillRankRequirementsTests.swift; sourceTree = "<group>"; };
		FB94A5E7779A3EEAE8EBE329 /* RankRequirementsTests.swift */ = {isa = PBXFileReference; includeInIndex = 1; lastKnownFileType = sourcecode.swift; path = RankRequirementsTests.swift; sourceTree = "<group>"; };
/* End PBXFileReference section */

/* Begin PBXFileSystemSynchronizedRootGroup section */
		630C00B7304BB7FB001A8B8C /* LifeRank */ = {
			isa = PBXFileSystemSynchronizedRootGroup;
			exceptions = (
			);
			path = LifeRank;
			sourceTree = "<group>";
		};
/* End PBXFileSystemSynchronizedRootGroup section */

/* Begin PBXFrameworksBuildPhase section */
		46FD06050FC3436759BFC992 /* Frameworks */ = {
			isa = PBXFrameworksBuildPhase;
			buildActionMask = 2147483647;
			files = (
				25779AE3D98F7185F8681405 /* Foundation.framework in Frameworks */,
			);
			runOnlyForDeploymentPostprocessing = 0;
		};
		630C00B2304BB7FB001A8B8C /* Frameworks */ = {
			isa = PBXFrameworksBuildPhase;
			buildActionMask = 2147483647;
			files = (
			);
			runOnlyForDeploymentPostprocessing = 0;
		};
/* End PBXFrameworksBuildPhase section */

/* Begin PBXGroup section */
		103BC88F14B0C3B303517C95 /* Frameworks */ = {
			isa = PBXGroup;
			children = (
				8A589F8217A8BCC84894FB4F /* iOS */,
			);
			name = Frameworks;
			sourceTree = "<group>";
		};
		630C00AC304BB7FB001A8B8C = {
			isa = PBXGroup;
			children = (
				630C00B7304BB7FB001A8B8C /* LifeRank */,
				630C00B6304BB7FB001A8B8C /* Products */,
				103BC88F14B0C3B303517C95 /* Frameworks */,
				AFC967C493A614AB555455DD /* LifeRankTests */,
			);
			sourceTree = "<group>";
		};
		630C00B6304BB7FB001A8B8C /* Products */ = {
			isa = PBXGroup;
			children = (
				630C00B5304BB7FB001A8B8C /* LifeRank.app */,
				189D93018E000846FA8A5C02 /* LifeRankTests.xctest */,
			);
			name = Products;
			sourceTree = "<group>";
		};
		8A589F8217A8BCC84894FB4F /* iOS */ = {
			isa = PBXGroup;
			children = (
				D3CB44B28EDCA175EA3BF62D /* Foundation.framework */,
			);
			name = iOS;
			sourceTree = "<group>";
		};
		AFC967C493A614AB555455DD /* LifeRankTests */ = {
			isa = PBXGroup;
			children = (
				5F3646A7DD0EFD6A1672AC5A /* ProgressionEngineTests.swift */,
				C16AE90B303A25775B8AECF1 /* SeedDataTests.swift */,
				6D2ACD34841CE35E923404B1 /* CharacterStatsTests.swift */,
				B7ACFEEB6B5618952E2448DD /* ActivityStoreTests.swift */,
				28FD30EECD384606CAA3B2F7 /* AttributeProgressionTests.swift */,
				FB94A5E7779A3EEAE8EBE329 /* RankRequirementsTests.swift */,
				F7B8DC5DC1315F13BF6D2BEE /* SkillRankRequirementsTests.swift */,
			);
			path = LifeRankTests;
			sourceTree = "<group>";
		};
/* End PBXGroup section */

/* Begin PBXNativeTarget section */
		630C00B4304BB7FB001A8B8C /* LifeRank */ = {
			isa = PBXNativeTarget;
			buildConfigurationList = 630C00C0304BB7FE001A8B8C /* Build configuration list for PBXNativeTarget "LifeRank" */;
			buildPhases = (
				630C00B1304BB7FB001A8B8C /* Sources */,
				630C00B2304BB7FB001A8B8C /* Frameworks */,
				630C00B3304BB7FB001A8B8C /* Resources */,
			);
			buildRules = (
			);
			dependencies = (
			);
			fileSystemSynchronizedGroups = (
				630C00B7304BB7FB001A8B8C /* LifeRank */,
			);
			name = LifeRank;
			productName = LifeRank;
			productReference = 630C00B5304BB7FB001A8B8C /* LifeRank.app */;
			productType = "com.apple.product-type.application";
		};
		A56BBBF69A7AC10A7B4CBFD9 /* LifeRankTests */ = {
			isa = PBXNativeTarget;
			buildConfigurationList = 5380D2EAFD7116B2D9D79405 /* Build configuration list for PBXNativeTarget "LifeRankTests" */;
			buildPhases = (
				333AF989633A9B535B111637 /* Sources */,
				46FD06050FC3436759BFC992 /* Frameworks */,
				60915DA5A3FF86EE3AB0C7FA /* Resources */,
			);
			buildRules = (
			);
			dependencies = (
				682214226022D8F63763C1FD /* PBXTargetDependency */,
			);
			name = LifeRankTests;
			productName = LifeRankTests;
			productReference = 189D93018E000846FA8A5C02 /* LifeRankTests.xctest */;
			productType = "com.apple.product-type.bundle.unit-test";
		};
/* End PBXNativeTarget section */

/* Begin PBXProject section */
		630C00AD304BB7FB001A8B8C /* Project object */ = {
			isa = PBXProject;
			attributes = {
				BuildIndependentTargetsInParallel = 1;
				LastSwiftUpdateCheck = 2660;
				LastUpgradeCheck = 2660;
				TargetAttributes = {
					630C00B4304BB7FB001A8B8C = {
						CreatedOnToolsVersion = 26.6;
					};
				};
			};
			buildConfigurationList = 630C00B0304BB7FB001A8B8C /* Build configuration list for PBXProject "LifeRank" */;
			developmentRegion = en;
			hasScannedForEncodings = 0;
			knownRegions = (
				en,
				Base,
			);
			mainGroup = 630C00AC304BB7FB001A8B8C;
			minimizedProjectReferenceProxies = 1;
			preferredProjectObjectVersion = 77;
			productRefGroup = 630C00B6304BB7FB001A8B8C /* Products */;
			projectDirPath = "";
			projectRoot = "";
			targets = (
				630C00B4304BB7FB001A8B8C /* LifeRank */,
				A56BBBF69A7AC10A7B4CBFD9 /* LifeRankTests */,
			);
		};
/* End PBXProject section */

/* Begin PBXResourcesBuildPhase section */
		60915DA5A3FF86EE3AB0C7FA /* Resources */ = {
			isa = PBXResourcesBuildPhase;
			buildActionMask = 2147483647;
			files = (
			);
			runOnlyForDeploymentPostprocessing = 0;
		};
		630C00B3304BB7FB001A8B8C /* Resources */ = {
			isa = PBXResourcesBuildPhase;
			buildActionMask = 2147483647;
			files = (
			);
			runOnlyForDeploymentPostprocessing = 0;
		};
/* End PBXResourcesBuildPhase section */

/* Begin PBXSourcesBuildPhase section */
		333AF989633A9B535B111637 /* Sources */ = {
			isa = PBXSourcesBuildPhase;
			buildActionMask = 2147483647;
			files = (
				7668A2613DE44AE156E6324E /* ProgressionEngineTests.swift in Sources */,
				A4F13C93DC0F1CABC2A1565D /* SeedDataTests.swift in Sources */,
				F9BCFF3719BF226C0E09CC75 /* CharacterStatsTests.swift in Sources */,
				84910BBCF870612C730E6A01 /* ActivityStoreTests.swift in Sources */,
				DC7A6BA31C22C90D51CF4ACD /* AttributeProgressionTests.swift in Sources */,
				C2BC4A90CEFAE358961915C6 /* RankRequirementsTests.swift in Sources */,
				850DC7A12F68C5415CF99E25 /* SkillRankRequirementsTests.swift in Sources */,
			);
			runOnlyForDeploymentPostprocessing = 0;
		};
		630C00B1304BB7FB001A8B8C /* Sources */ = {
			isa = PBXSourcesBuildPhase;
			buildActionMask = 2147483647;
			files = (
			);
			runOnlyForDeploymentPostprocessing = 0;
		};
/* End PBXSourcesBuildPhase section */

/* Begin PBXTargetDependency section */
		682214226022D8F63763C1FD /* PBXTargetDependency */ = {
			isa = PBXTargetDependency;
			name = LifeRank;
			target = 630C00B4304BB7FB001A8B8C /* LifeRank */;
			targetProxy = AE334620738A1333AC49E52D /* PBXContainerItemProxy */;
		};
/* End PBXTargetDependency section */

/* Begin XCBuildConfiguration section */
		1478A691EA8E70730390D7F9 /* Debug */ = {
			isa = XCBuildConfiguration;
			buildSettings = {
				BUNDLE_LOADER = "$(TEST_HOST)";
				CLANG_ENABLE_OBJC_WEAK = NO;
				CODE_SIGN_STYLE = Automatic;
				GENERATE_INFOPLIST_FILE = YES;
				IPHONEOS_DEPLOYMENT_TARGET = 26.5;
				LD_RUNPATH_SEARCH_PATHS = (
					"$(inherited)",
					"@executable_path/Frameworks",
					"@loader_path/Frameworks",
				);
				PRODUCT_BUNDLE_IDENTIFIER = Wavydavid.LifeRankTests;
				PRODUCT_NAME = "$(TARGET_NAME)";
				SDKROOT = iphoneos;
				SWIFT_EMIT_LOC_STRINGS = NO;
				SWIFT_VERSION = 5.0;
				TARGETED_DEVICE_FAMILY = "1,2";
				TEST_HOST = "$(BUILT_PRODUCTS_DIR)/LifeRank.app/LifeRank";
			};
			name = Debug;
		};
		630C00BE304BB7FE001A8B8C /* Debug */ = {
			isa = XCBuildConfiguration;
			buildSettings = {
				ALWAYS_SEARCH_USER_PATHS = NO;
				ASSETCATALOG_COMPILER_GENERATE_SWIFT_ASSET_SYMBOL_EXTENSIONS = YES;
				CLANG_ANALYZER_NONNULL = YES;
				CLANG_ANALYZER_NUMBER_OBJECT_CONVERSION = YES_AGGRESSIVE;
				CLANG_CXX_LANGUAGE_STANDARD = "gnu++20";
				CLANG_ENABLE_MODULES = YES;
				CLANG_ENABLE_OBJC_ARC = YES;
				CLANG_ENABLE_OBJC_WEAK = YES;
				CLANG_WARN_BLOCK_CAPTURE_AUTORELEASING = YES;
				CLANG_WARN_BOOL_CONVERSION = YES;
				CLANG_WARN_COMMA = YES;
				CLANG_WARN_CONSTANT_CONVERSION = YES;
				CLANG_WARN_DEPRECATED_OBJC_IMPLEMENTATIONS = YES;
				CLANG_WARN_DIRECT_OBJC_ISA_USAGE = YES_ERROR;
				CLANG_WARN_DOCUMENTATION_COMMENTS = YES;
				CLANG_WARN_EMPTY_BODY = YES;
				CLANG_WARN_ENUM_CONVERSION = YES;
				CLANG_WARN_INFINITE_RECURSION = YES;
				CLANG_WARN_INT_CONVERSION = YES;
				CLANG_WARN_NON_LITERAL_NULL_CONVERSION = YES;
				CLANG_WARN_OBJC_IMPLICIT_RETAIN_SELF = YES;
				CLANG_WARN_OBJC_LITERAL_CONVERSION = YES;
				CLANG_WARN_OBJC_ROOT_CLASS = YES_ERROR;
				CLANG_WARN_QUOTED_INCLUDE_IN_FRAMEWORK_HEADER = YES;
				CLANG_WARN_RANGE_LOOP_ANALYSIS = YES;
				CLANG_WARN_STRICT_PROTOTYPES = YES;
				CLANG_WARN_SUSPICIOUS_MOVE = YES;
				CLANG_WARN_UNGUARDED_AVAILABILITY = YES_AGGRESSIVE;
				CLANG_WARN_UNREACHABLE_CODE = YES;
				CLANG_WARN__DUPLICATE_METHOD_MATCH = YES;
				COPY_PHASE_STRIP = NO;
				DEBUG_INFORMATION_FORMAT = dwarf;
				ENABLE_STRICT_OBJC_MSGSEND = YES;
				ENABLE_TESTABILITY = YES;
				ENABLE_USER_SCRIPT_SANDBOXING = YES;
				GCC_C_LANGUAGE_STANDARD = gnu17;
				GCC_DYNAMIC_NO_PIC = NO;
				GCC_NO_COMMON_BLOCKS = YES;
				GCC_OPTIMIZATION_LEVEL = 0;
				GCC_PREPROCESSOR_DEFINITIONS = (
					"DEBUG=1",
					"$(inherited)",
				);
				GCC_WARN_64_TO_32_BIT_CONVERSION = YES;
				GCC_WARN_ABOUT_RETURN_TYPE = YES_ERROR;
				GCC_WARN_UNDECLARED_SELECTOR = YES;
				GCC_WARN_UNINITIALIZED_AUTOS = YES_AGGRESSIVE;
				GCC_WARN_UNUSED_FUNCTION = YES;
				GCC_WARN_UNUSED_VARIABLE = YES;
				IPHONEOS_DEPLOYMENT_TARGET = 26.5;
				LOCALIZATION_PREFERS_STRING_CATALOGS = YES;
				MTL_ENABLE_DEBUG_INFO = INCLUDE_SOURCE;
				MTL_FAST_MATH = YES;
				ONLY_ACTIVE_ARCH = YES;
				SDKROOT = iphoneos;
				SWIFT_ACTIVE_COMPILATION_CONDITIONS = "DEBUG $(inherited)";
				SWIFT_OPTIMIZATION_LEVEL = "-Onone";
			};
			name = Debug;
		};
		630C00BF304BB7FE001A8B8C /* Release */ = {
			isa = XCBuildConfiguration;
			buildSettings = {
				ALWAYS_SEARCH_USER_PATHS = NO;
				ASSETCATALOG_COMPILER_GENERATE_SWIFT_ASSET_SYMBOL_EXTENSIONS = YES;
				CLANG_ANALYZER_NONNULL = YES;
				CLANG_ANALYZER_NUMBER_OBJECT_CONVERSION = YES_AGGRESSIVE;
				CLANG_CXX_LANGUAGE_STANDARD = "gnu++20";
				CLANG_ENABLE_MODULES = YES;
				CLANG_ENABLE_OBJC_ARC = YES;
				CLANG_ENABLE_OBJC_WEAK = YES;
				CLANG_WARN_BLOCK_CAPTURE_AUTORELEASING = YES;
				CLANG_WARN_BOOL_CONVERSION = YES;
				CLANG_WARN_COMMA = YES;
				CLANG_WARN_CONSTANT_CONVERSION = YES;
				CLANG_WARN_DEPRECATED_OBJC_IMPLEMENTATIONS = YES;
				CLANG_WARN_DIRECT_OBJC_ISA_USAGE = YES_ERROR;
				CLANG_WARN_DOCUMENTATION_COMMENTS = YES;
				CLANG_WARN_EMPTY_BODY = YES;
				CLANG_WARN_ENUM_CONVERSION = YES;
				CLANG_WARN_INFINITE_RECURSION = YES;
				CLANG_WARN_INT_CONVERSION = YES;
				CLANG_WARN_NON_LITERAL_NULL_CONVERSION = YES;
				CLANG_WARN_OBJC_IMPLICIT_RETAIN_SELF = YES;
				CLANG_WARN_OBJC_LITERAL_CONVERSION = YES;
				CLANG_WARN_OBJC_ROOT_CLASS = YES_ERROR;
				CLANG_WARN_QUOTED_INCLUDE_IN_FRAMEWORK_HEADER = YES;
				CLANG_WARN_RANGE_LOOP_ANALYSIS = YES;
				CLANG_WARN_STRICT_PROTOTYPES = YES;
				CLANG_WARN_SUSPICIOUS_MOVE = YES;
				CLANG_WARN_UNGUARDED_AVAILABILITY = YES_AGGRESSIVE;
				CLANG_WARN_UNREACHABLE_CODE = YES;
				CLANG_WARN__DUPLICATE_METHOD_MATCH = YES;
				COPY_PHASE_STRIP = NO;
				DEBUG_INFORMATION_FORMAT = "dwarf-with-dsym";
				ENABLE_NS_ASSERTIONS = NO;
				ENABLE_STRICT_OBJC_MSGSEND = YES;
				ENABLE_USER_SCRIPT_SANDBOXING = YES;
				GCC_C_LANGUAGE_STANDARD = gnu17;
				GCC_NO_COMMON_BLOCKS = YES;
				GCC_WARN_64_TO_32_BIT_CONVERSION = YES;
				GCC_WARN_ABOUT_RETURN_TYPE = YES_ERROR;
				GCC_WARN_UNDECLARED_SELECTOR = YES;
				GCC_WARN_UNINITIALIZED_AUTOS = YES_AGGRESSIVE;
				GCC_WARN_UNUSED_FUNCTION = YES;
				GCC_WARN_UNUSED_VARIABLE = YES;
				IPHONEOS_DEPLOYMENT_TARGET = 26.5;
				LOCALIZATION_PREFERS_STRING_CATALOGS = YES;
				MTL_ENABLE_DEBUG_INFO = NO;
				MTL_FAST_MATH = YES;
				SDKROOT = iphoneos;
				SWIFT_COMPILATION_MODE = wholemodule;
				VALIDATE_PRODUCT = YES;
			};
			name = Release;
		};
		630C00C1304BB7FE001A8B8C /* Debug */ = {
			isa = XCBuildConfiguration;
			buildSettings = {
				ASSETCATALOG_COMPILER_APPICON_NAME = AppIcon;
				ASSETCATALOG_COMPILER_GLOBAL_ACCENT_COLOR_NAME = AccentColor;
				CODE_SIGN_ENTITLEMENTS = LifeRank/LifeRank.entitlements;
				CODE_SIGN_STYLE = Automatic;
				CURRENT_PROJECT_VERSION = 1;
				DEVELOPMENT_TEAM = B24W8RA8N9;
				ENABLE_PREVIEWS = YES;
				GENERATE_INFOPLIST_FILE = YES;
				INFOPLIST_KEY_UIApplicationSceneManifest_Generation = YES;
				INFOPLIST_KEY_UIApplicationSupportsIndirectInputEvents = YES;
				INFOPLIST_KEY_UILaunchScreen_Generation = YES;
				INFOPLIST_KEY_UISupportedInterfaceOrientations_iPad = "UIInterfaceOrientationPortrait UIInterfaceOrientationPortraitUpsideDown UIInterfaceOrientationLandscapeLeft UIInterfaceOrientationLandscapeRight";
				INFOPLIST_KEY_UISupportedInterfaceOrientations_iPhone = "UIInterfaceOrientationPortrait UIInterfaceOrientationLandscapeLeft UIInterfaceOrientationLandscapeRight";
				LD_RUNPATH_SEARCH_PATHS = (
					"$(inherited)",
					"@executable_path/Frameworks",
				);
				MARKETING_VERSION = 1.0;
				PRODUCT_BUNDLE_IDENTIFIER = Wavydavid.LifeRank;
				PRODUCT_NAME = "$(TARGET_NAME)";
				STRING_CATALOG_GENERATE_SYMBOLS = YES;
				SWIFT_APPROACHABLE_CONCURRENCY = YES;
				SWIFT_DEFAULT_ACTOR_ISOLATION = MainActor;
				SWIFT_EMIT_LOC_STRINGS = YES;
				SWIFT_UPCOMING_FEATURE_MEMBER_IMPORT_VISIBILITY = YES;
				SWIFT_VERSION = 5.0;
				TARGETED_DEVICE_FAMILY = "1,2";
			};
			name = Debug;
		};
		630C00C2304BB7FE001A8B8C /* Release */ = {
			isa = XCBuildConfiguration;
			buildSettings = {
				ASSETCATALOG_COMPILER_APPICON_NAME = AppIcon;
				ASSETCATALOG_COMPILER_GLOBAL_ACCENT_COLOR_NAME = AccentColor;
				CODE_SIGN_ENTITLEMENTS = LifeRank/LifeRank.entitlements;
				CODE_SIGN_STYLE = Automatic;
				CURRENT_PROJECT_VERSION = 1;
				DEVELOPMENT_TEAM = B24W8RA8N9;
				ENABLE_PREVIEWS = YES;
				GENERATE_INFOPLIST_FILE = YES;
				INFOPLIST_KEY_UIApplicationSceneManifest_Generation = YES;
				INFOPLIST_KEY_UIApplicationSupportsIndirectInputEvents = YES;
				INFOPLIST_KEY_UILaunchScreen_Generation = YES;
				INFOPLIST_KEY_UISupportedInterfaceOrientations_iPad = "UIInterfaceOrientationPortrait UIInterfaceOrientationPortraitUpsideDown UIInterfaceOrientationLandscapeLeft UIInterfaceOrientationLandscapeRight";
				INFOPLIST_KEY_UISupportedInterfaceOrientations_iPhone = "UIInterfaceOrientationPortrait UIInterfaceOrientationLandscapeLeft UIInterfaceOrientationLandscapeRight";
				LD_RUNPATH_SEARCH_PATHS = (
					"$(inherited)",
					"@executable_path/Frameworks",
				);
				MARKETING_VERSION = 1.0;
				PRODUCT_BUNDLE_IDENTIFIER = Wavydavid.LifeRank;
				PRODUCT_NAME = "$(TARGET_NAME)";
				STRING_CATALOG_GENERATE_SYMBOLS = YES;
				SWIFT_APPROACHABLE_CONCURRENCY = YES;
				SWIFT_DEFAULT_ACTOR_ISOLATION = MainActor;
				SWIFT_EMIT_LOC_STRINGS = YES;
				SWIFT_UPCOMING_FEATURE_MEMBER_IMPORT_VISIBILITY = YES;
				SWIFT_VERSION = 5.0;
				TARGETED_DEVICE_FAMILY = "1,2";
			};
			name = Release;
		};
		F3F0D416FEE2910434CC0D43 /* Release */ = {
			isa = XCBuildConfiguration;
			buildSettings = {
				BUNDLE_LOADER = "$(TEST_HOST)";
				CLANG_ENABLE_OBJC_WEAK = NO;
				CODE_SIGN_STYLE = Automatic;
				GENERATE_INFOPLIST_FILE = YES;
				IPHONEOS_DEPLOYMENT_TARGET = 26.5;
				LD_RUNPATH_SEARCH_PATHS = (
					"$(inherited)",
					"@executable_path/Frameworks",
					"@loader_path/Frameworks",
				);
				PRODUCT_BUNDLE_IDENTIFIER = Wavydavid.LifeRankTests;
				PRODUCT_NAME = "$(TARGET_NAME)";
				SDKROOT = iphoneos;
				SWIFT_EMIT_LOC_STRINGS = NO;
				SWIFT_VERSION = 5.0;
				TARGETED_DEVICE_FAMILY = "1,2";
				TEST_HOST = "$(BUILT_PRODUCTS_DIR)/LifeRank.app/LifeRank";
				VALIDATE_PRODUCT = YES;
			};
			name = Release;
		};
/* End XCBuildConfiguration section */

/* Begin XCConfigurationList section */
		5380D2EAFD7116B2D9D79405 /* Build configuration list for PBXNativeTarget "LifeRankTests" */ = {
			isa = XCConfigurationList;
			buildConfigurations = (
				F3F0D416FEE2910434CC0D43 /* Release */,
				1478A691EA8E70730390D7F9 /* Debug */,
			);
			defaultConfigurationIsVisible = 0;
			defaultConfigurationName = Release;
		};
		630C00B0304BB7FB001A8B8C /* Build configuration list for PBXProject "LifeRank" */ = {
			isa = XCConfigurationList;
			buildConfigurations = (
				630C00BE304BB7FE001A8B8C /* Debug */,
				630C00BF304BB7FE001A8B8C /* Release */,
			);
			defaultConfigurationIsVisible = 0;
			defaultConfigurationName = Release;
		};
		630C00C0304BB7FE001A8B8C /* Build configuration list for PBXNativeTarget "LifeRank" */ = {
			isa = XCConfigurationList;
			buildConfigurations = (
				630C00C1304BB7FE001A8B8C /* Debug */,
				630C00C2304BB7FE001A8B8C /* Release */,
			);
			defaultConfigurationIsVisible = 0;
			defaultConfigurationName = Release;
		};
/* End XCConfigurationList section */
	};
	rootObject = 630C00AD304BB7FB001A8B8C /* Project object */;
}
